// !$*UTF8*$!
{
	archiveVersion = 1;
	classes = {
	};
	objectVersion = 50;
	objects = {

/* Begin PBXBuildFile section */
		0422B58222A7C24100065C0B /* NewPlaceLocationTableViewCell.swift in Sources */ = {isa = PBXBuildFile; fileRef = 0422B58022A7C24100065C0B /* NewPlaceLocationTableViewCell.swift */; };
		0422B58622A7C2BD00065C0B /* NewPlaceTypeTableViewCell.swift in Sources */ = {isa = PBXBuildFile; fileRef = 0422B58522A7C2BD00065C0B /* NewPlaceTypeTableViewCell.swift */; };
		0422B58822A7C67100065C0B /* NewPlaceLocationTableViewCell.xib in Resources */ = {isa = PBXBuildFile; fileRef = 0422B58422A7C27600065C0B /* NewPlaceLocationTableViewCell.xib */; };
		0422B58922A7C67500065C0B /* NewPlaceTypeTableViewCell.xib in Resources */ = {isa = PBXBuildFile; fileRef = 0422B58722A7C2CD00065C0B /* NewPlaceTypeTableViewCell.xib */; };
		045028BC229FB11500B08F3C /* NewPlaceTableViewController.swift in Sources */ = {isa = PBXBuildFile; fileRef = 045028BB229FB11500B08F3C /* NewPlaceTableViewController.swift */; };
		045028DA22A018D600B08F3C /* NewPlaceViewController+textFieldShouldReturn.swift in Sources */ = {isa = PBXBuildFile; fileRef = 045028D922A018D600B08F3C /* NewPlaceViewController+textFieldShouldReturn.swift */; };
		045028E122A1330B00B08F3C /* NewPlaceImageTableViewCell.swift in Sources */ = {isa = PBXBuildFile; fileRef = 045028DF22A1330B00B08F3C /* NewPlaceImageTableViewCell.swift */; };
		045028E222A1330B00B08F3C /* NewPlaceImageTableViewCell.xib in Resources */ = {isa = PBXBuildFile; fileRef = 045028E022A1330B00B08F3C /* NewPlaceImageTableViewCell.xib */; };
		0462C871229E9E6000828498 /* AppDelegate.swift in Sources */ = {isa = PBXBuildFile; fileRef = 0462C870229E9E6000828498 /* AppDelegate.swift */; };
		0462C878229E9E6100828498 /* Assets.xcassets in Resources */ = {isa = PBXBuildFile; fileRef = 0462C877229E9E6100828498 /* Assets.xcassets */; };
		0462C87B229E9E6100828498 /* LaunchScreen.storyboard in Resources */ = {isa = PBXBuildFile; fileRef = 0462C879229E9E6100828498 /* LaunchScreen.storyboard */; };
		0462C883229EA12900828498 /* MainViewController.swift in Sources */ = {isa = PBXBuildFile; fileRef = 0462C882229EA12900828498 /* MainViewController.swift */; };
		0462C887229EB71000828498 /* UIView+Extension.swift in Sources */ = {isa = PBXBuildFile; fileRef = 0462C886229EB71000828498 /* UIView+Extension.swift */; };
		0462C88A229EB92C00828498 /* FavoritePlace.swift in Sources */ = {isa = PBXBuildFile; fileRef = 0462C889229EB92C00828498 /* FavoritePlace.swift */; };
		0462C88D229EBB2E00828498 /* FavoritePlaceTableViewCell.swift in Sources */ = {isa = PBXBuildFile; fileRef = 0462C88C229EBB2D00828498 /* FavoritePlaceTableViewCell.swift */; };
		0462C88F229EBB8000828498 /* UIImageView+Extension.swift in Sources */ = {isa = PBXBuildFile; fileRef = 0462C88E229EBB8000828498 /* UIImageView+Extension.swift */; };
		04BE03E222AA333C00BA77F7 /* RatingControl.swift in Sources */ = {isa = PBXBuildFile; fileRef = 04BE03E122AA333C00BA77F7 /* RatingControl.swift */; };
		04BE03E522AA33CB00BA77F7 /* NewPlaceRatingTableViewCell.swift in Sources */ = {isa = PBXBuildFile; fileRef = 04BE03E422AA33CB00BA77F7 /* NewPlaceRatingTableViewCell.swift */; };
		04BE03E622AA375700BA77F7 /* NewPlaceRatingTableViewCell.xib in Resources */ = {isa = PBXBuildFile; fileRef = 04BE03E322AA33A800BA77F7 /* NewPlaceRatingTableViewCell.xib */; };
		04BE03EA22AA979300BA77F7 /* RatingProtocol.swift in Sources */ = {isa = PBXBuildFile; fileRef = 04BE03E922AA979300BA77F7 /* RatingProtocol.swift */; };
		04E8011522A134C90005129F /* NewPlaceInfoTableViewCell.swift in Sources */ = {isa = PBXBuildFile; fileRef = 04E8011322A134C90005129F /* NewPlaceInfoTableViewCell.swift */; };
		04E8011622A134C90005129F /* NewPlaceNameTableViewCell.xib in Resources */ = {isa = PBXBuildFile; fileRef = 04E8011422A134C90005129F /* NewPlaceNameTableViewCell.xib */; };
		04E8011822A14E0B0005129F /* NewPlaceTableViewController+ImagePicker.swift in Sources */ = {isa = PBXBuildFile; fileRef = 04E8011722A14E0B0005129F /* NewPlaceTableViewController+ImagePicker.swift */; };
		04E8011A22A16B250005129F /* PlaceCellHeaderData.swift in Sources */ = {isa = PBXBuildFile; fileRef = 04E8011922A16B250005129F /* PlaceCellHeaderData.swift */; };
		04F1FEF022A97ED900B35027 /* MainViewController+UISearchResultUpdating.swift in Sources */ = {isa = PBXBuildFile; fileRef = 04F1FEEF22A97ED900B35027 /* MainViewController+UISearchResultUpdating.swift */; };
		04F882BE22A50C9800D3BCCD /* StorageManager.swift in Sources */ = {isa = PBXBuildFile; fileRef = 04F882BD22A50C9800D3BCCD /* StorageManager.swift */; };
		E09AF741068B74DD506D7021 /* Pods_MyFavoritePlaces.framework in Frameworks */ = {isa = PBXBuildFile; fileRef = 03095AC52EFAC971CF2A3EF6 /* Pods_MyFavoritePlaces.framework */; };
/* End PBXBuildFile section */

/* Begin PBXFileReference section */
		03095AC52EFAC971CF2A3EF6 /* Pods_MyFavoritePlaces.framework */ = {isa = PBXFileReference; explicitFileType = wrapper.framework; includeInIndex = 0; path = Pods_MyFavoritePlaces.framework; sourceTree = BUILT_PRODUCTS_DIR; };
		0422B58022A7C24100065C0B /* NewPlaceLocationTableViewCell.swift */ = {isa = PBXFileReference; lastKnownFileType = sourcecode.swift; path = NewPlaceLocationTableViewCell.swift; sourceTree = "<group>"; };
		0422B58422A7C27600065C0B /* NewPlaceLocationTableViewCell.xib */ = {isa = PBXFileReference; lastKnownFileType = file.xib; path = NewPlaceLocationTableViewCell.xib; sourceTree = "<group>"; };
		0422B58522A7C2BD00065C0B /* NewPlaceTypeTableViewCell.swift */ = {isa = PBXFileReference; lastKnownFileType = sourcecode.swift; path = NewPlaceTypeTableViewCell.swift; sourceTree = "<group>"; };
		0422B58722A7C2CD00065C0B /* NewPlaceTypeTableViewCell.xib */ = {isa = PBXFileReference; lastKnownFileType = file.xib; path = NewPlaceTypeTableViewCell.xib; sourceTree = "<group>"; };
		045028BB229FB11500B08F3C /* NewPlaceTableViewController.swift */ = {isa = PBXFileReference; lastKnownFileType = sourcecode.swift; path = NewPlaceTableViewController.swift; sourceTree = "<group>"; };
		045028D922A018D600B08F3C /* NewPlaceViewController+textFieldShouldReturn.swift */ = {isa = PBXFileReference; lastKnownFileType = sourcecode.swift; path = "NewPlaceViewController+textFieldShouldReturn.swift"; sourceTree = "<group>"; };
		045028DF22A1330B00B08F3C /* NewPlaceImageTableViewCell.swift */ = {isa = PBXFileReference; lastKnownFileType = sourcecode.swift; path = NewPlaceImageTableViewCell.swift; sourceTree = "<group>"; };
		045028E022A1330B00B08F3C /* NewPlaceImageTableViewCell.xib */ = {isa = PBXFileReference; lastKnownFileType = file.xib; path = NewPlaceImageTableViewCell.xib; sourceTree = "<group>"; };
		0462C86D229E9E6000828498 /* MyFavoritePlaces.app */ = {isa = PBXFileReference; explicitFileType = wrapper.application; includeInIndex = 0; path = MyFavoritePlaces.app; sourceTree = BUILT_PRODUCTS_DIR; };
		0462C870229E9E6000828498 /* AppDelegate.swift */ = {isa = PBXFileReference; lastKnownFileType = sourcecode.swift; path = AppDelegate.swift; sourceTree = "<group>"; };
		0462C877229E9E6100828498 /* Assets.xcassets */ = {isa = PBXFileReference; lastKnownFileType = folder.assetcatalog; path = Assets.xcassets; sourceTree = "<group>"; };
		0462C87A229E9E6100828498 /* Base */ = {isa = PBXFileReference; lastKnownFileType = file.storyboard; name = Base; path = Base.lproj/LaunchScreen.storyboard; sourceTree = "<group>"; };
		0462C87C229E9E6100828498 /* Info.plist */ = {isa = PBXFileReference; lastKnownFileType = text.plist.xml; path = Info.plist; sourceTree = "<group>"; };
		0462C882229EA12900828498 /* MainViewController.swift */ = {isa = PBXFileReference; lastKnownFileType = sourcecode.swift; path = MainViewController.swift; sourceTree = "<group>"; };
		0462C886229EB71000828498 /* UIView+Extension.swift */ = {isa = PBXFileReference; lastKnownFileType = sourcecode.swift; path = "UIView+Extension.swift"; sourceTree = "<group>"; };
		0462C889229EB92C00828498 /* FavoritePlace.swift */ = {isa = PBXFileReference; lastKnownFileType = sourcecode.swift; path = FavoritePlace.swift; sourceTree = "<group>"; };
		0462C88C229EBB2D00828498 /* FavoritePlaceTableViewCell.swift */ = {isa = PBXFileReference; lastKnownFileType = sourcecode.swift; path = FavoritePlaceTableViewCell.swift; sourceTree = "<group>"; };
		0462C88E229EBB8000828498 /* UIImageView+Extension.swift */ = {isa = PBXFileReference; lastKnownFileType = sourcecode.swift; path = "UIImageView+Extension.swift"; sourceTree = "<group>"; };
		04BE03E122AA333C00BA77F7 /* RatingControl.swift */ = {isa = PBXFileReference; lastKnownFileType = sourcecode.swift; path = RatingControl.swift; sourceTree = "<group>"; };
		04BE03E322AA33A800BA77F7 /* NewPlaceRatingTableViewCell.xib */ = {isa = PBXFileReference; lastKnownFileType = file.xib; path = NewPlaceRatingTableViewCell.xib; sourceTree = "<group>"; };
		04BE03E422AA33CB00BA77F7 /* NewPlaceRatingTableViewCell.swift */ = {isa = PBXFileReference; lastKnownFileType = sourcecode.swift; path = NewPlaceRatingTableViewCell.swift; sourceTree = "<group>"; };
		04BE03E922AA979300BA77F7 /* RatingProtocol.swift */ = {isa = PBXFileReference; lastKnownFileType = sourcecode.swift; path = RatingProtocol.swift; sourceTree = "<group>"; };
		04E8011322A134C90005129F /* NewPlaceInfoTableViewCell.swift */ = {isa = PBXFileReference; lastKnownFileType = sourcecode.swift; path = NewPlaceInfoTableViewCell.swift; sourceTree = "<group>"; };
		04E8011422A134C90005129F /* NewPlaceNameTableViewCell.xib */ = {isa = PBXFileReference; lastKnownFileType = file.xib; path = NewPlaceNameTableViewCell.xib; sourceTree = "<group>"; };
		04E8011722A14E0B0005129F /* NewPlaceTableViewController+ImagePicker.swift */ = {isa = PBXFileReference; lastKnownFileType = sourcecode.swift; path = "NewPlaceTableViewController+ImagePicker.swift"; sourceTree = "<group>"; };
		04E8011922A16B250005129F /* PlaceCellHeaderData.swift */ = {isa = PBXFileReference; lastKnownFileType = sourcecode.swift; path = PlaceCellHeaderData.swift; sourceTree = "<group>"; };
		04F1FEEF22A97ED900B35027 /* MainViewController+UISearchResultUpdating.swift */ = {isa = PBXFileReference; lastKnownFileType = sourcecode.swift; path = "MainViewController+UISearchResultUpdating.swift"; sourceTree = "<group>"; };
		04F882BD22A50C9800D3BCCD /* StorageManager.swift */ = {isa = PBXFileReference; lastKnownFileType = sourcecode.swift; path = StorageManager.swift; sourceTree = "<group>"; };
		773532B527938FD60A5BADC6 /* Pods-MyFavoritePlaces.release.xcconfig */ = {isa = PBXFileReference; includeInIndex = 1; lastKnownFileType = text.xcconfig; name = "Pods-MyFavoritePlaces.release.xcconfig"; path = "Pods/Target Support Files/Pods-MyFavoritePlaces/Pods-MyFavoritePlaces.release.xcconfig"; sourceTree = "<group>"; };
		BE23461998220E9FA6B1DF9B /* Pods-MyFavoritePlaces.debug.xcconfig */ = {isa = PBXFileReference; includeInIndex = 1; lastKnownFileType = text.xcconfig; name = "Pods-MyFavoritePlaces.debug.xcconfig"; path = "Pods/Target Support Files/Pods-MyFavoritePlaces/Pods-MyFavoritePlaces.debug.xcconfig"; sourceTree = "<group>"; };
/* End PBXFileReference section */

/* Begin PBXFrameworksBuildPhase section */
		0462C86A229E9E6000828498 /* Frameworks */ = {
			isa = PBXFrameworksBuildPhase;
			buildActionMask = 2147483647;
			files = (
				E09AF741068B74DD506D7021 /* Pods_MyFavoritePlaces.framework in Frameworks */,
			);
			runOnlyForDeploymentPostprocessing = 0;
		};
/* End PBXFrameworksBuildPhase section */

/* Begin PBXGroup section */
		0422B57F22A7C1D100065C0B /* ImagePlaces */ = {
			isa = PBXGroup;
			children = (
				045028DF22A1330B00B08F3C /* NewPlaceImageTableViewCell.swift */,
				045028E022A1330B00B08F3C /* NewPlaceImageTableViewCell.xib */,
			);
			path = ImagePlaces;
			sourceTree = "<group>";
		};
		045028D822A00E1B00B08F3C /* Controller */ = {
			isa = PBXGroup;
			children = (
				0462C882229EA12900828498 /* MainViewController.swift */,
				045028BB229FB11500B08F3C /* NewPlaceTableViewController.swift */,
			);
			path = Controller;
			sourceTree = "<group>";
		};
		045028E322A1344600B08F3C /* Cell */ = {
			isa = PBXGroup;
			children = (
				0422B57F22A7C1D100065C0B /* ImagePlaces */,
				04E8011322A134C90005129F /* NewPlaceInfoTableViewCell.swift */,
				04E8011422A134C90005129F /* NewPlaceNameTableViewCell.xib */,
				0422B58022A7C24100065C0B /* NewPlaceLocationTableViewCell.swift */,
				0422B58422A7C27600065C0B /* NewPlaceLocationTableViewCell.xib */,
				0422B58522A7C2BD00065C0B /* NewPlaceTypeTableViewCell.swift */,
				0422B58722A7C2CD00065C0B /* NewPlaceTypeTableViewCell.xib */,
				04BE03E422AA33CB00BA77F7 /* NewPlaceRatingTableViewCell.swift */,
				04BE03E322AA33A800BA77F7 /* NewPlaceRatingTableViewCell.xib */,
			);
			path = Cell;
			sourceTree = "<group>";
		};
		0462C864229E9E6000828498 = {
			isa = PBXGroup;
			children = (
				0462C86F229E9E6000828498 /* MyFavoritePlaces */,
				0462C86E229E9E6000828498 /* Products */,
				FCE5A425BAF445287FAFADFA /* Pods */,
				45B0E27A24465841FB5004CD /* Frameworks */,
			);
			sourceTree = "<group>";
		};
		0462C86E229E9E6000828498 /* Products */ = {
			isa = PBXGroup;
			children = (
				0462C86D229E9E6000828498 /* MyFavoritePlaces.app */,
			);
			name = Products;
			sourceTree = "<group>";
		};
		0462C86F229E9E6000828498 /* MyFavoritePlaces */ = {
			isa = PBXGroup;
			children = (
				04BE03EC22AC0E5700BA77F7 /* Protocol */,
				04F882BC22A50C8900D3BCCD /* Manager */,
				0462C88B229EBB0700828498 /* View */,
				0462C888229EB7E300828498 /* Model */,
				0462C885229EB6C000828498 /* Extensions */,
				045028D822A00E1B00B08F3C /* Controller */,
				0462C884229EA1AD00828498 /* SupportingFiles */,
				0462C879229E9E6100828498 /* LaunchScreen.storyboard */,
			);
			path = MyFavoritePlaces;
			sourceTree = "<group>";
		};
		0462C884229EA1AD00828498 /* SupportingFiles */ = {
			isa = PBXGroup;
			children = (
				0462C870229E9E6000828498 /* AppDelegate.swift */,
				0462C877229E9E6100828498 /* Assets.xcassets */,
				0462C87C229E9E6100828498 /* Info.plist */,
			);
			path = SupportingFiles;
			sourceTree = "<group>";
		};
		0462C885229EB6C000828498 /* Extensions */ = {
			isa = PBXGroup;
			children = (
				0462C886229EB71000828498 /* UIView+Extension.swift */,
				0462C88E229EBB8000828498 /* UIImageView+Extension.swift */,
				045028D922A018D600B08F3C /* NewPlaceViewController+textFieldShouldReturn.swift */,
				04E8011722A14E0B0005129F /* NewPlaceTableViewController+ImagePicker.swift */,
				04F1FEEF22A97ED900B35027 /* MainViewController+UISearchResultUpdating.swift */,
			);
			path = Extensions;
			sourceTree = "<group>";
		};
		0462C888229EB7E300828498 /* Model */ = {
			isa = PBXGroup;
			children = (
				0462C889229EB92C00828498 /* FavoritePlace.swift */,
				04E8011922A16B250005129F /* PlaceCellHeaderData.swift */,
			);
			path = Model;
			sourceTree = "<group>";
		};
		0462C88B229EBB0700828498 /* View */ = {
			isa = PBXGroup;
			children = (
				045028E322A1344600B08F3C /* Cell */,
				0462C88C229EBB2D00828498 /* FavoritePlaceTableViewCell.swift */,
				04BE03E122AA333C00BA77F7 /* RatingControl.swift */,
			);
			path = View;
			sourceTree = "<group>";
		};
		04BE03EC22AC0E5700BA77F7 /* Protocol */ = {
			isa = PBXGroup;
			children = (
				04BE03E922AA979300BA77F7 /* RatingProtocol.swift */,
			);
			path = Protocol;
			sourceTree = "<group>";
		};
		04F882BC22A50C8900D3BCCD /* Manager */ = {
			isa = PBXGroup;
			children = (
				04F882BD22A50C9800D3BCCD /* StorageManager.swift */,
			);
			path = Manager;
			sourceTree = "<group>";
		};
		45B0E27A24465841FB5004CD /* Frameworks */ = {
			isa = PBXGroup;
			children = (
				03095AC52EFAC971CF2A3EF6 /* Pods_MyFavoritePlaces.framework */,
			);
			name = Frameworks;
			sourceTree = "<group>";
		};
		FCE5A425BAF445287FAFADFA /* Pods */ = {
			isa = PBXGroup;
			children = (
				BE23461998220E9FA6B1DF9B /* Pods-MyFavoritePlaces.debug.xcconfig */,
				773532B527938FD60A5BADC6 /* Pods-MyFavoritePlaces.release.xcconfig */,
			);
			name = Pods;
			sourceTree = "<group>";
		};
/* End PBXGroup section */

/* Begin PBXNativeTarget section */
		0462C86C229E9E6000828498 /* MyFavoritePlaces */ = {
			isa = PBXNativeTarget;
			buildConfigurationList = 0462C87F229E9E6100828498 /* Build configuration list for PBXNativeTarget "MyFavoritePlaces" */;
			buildPhases = (
				4B3D2CB15E14C101D3A5BF6D /* [CP] Check Pods Manifest.lock */,
				0462C869229E9E6000828498 /* Sources */,
				0462C86A229E9E6000828498 /* Frameworks */,
				0462C86B229E9E6000828498 /* Resources */,
				E4A4B3B7FBBF811FD1A7BA35 /* [CP] Embed Pods Frameworks */,
			);
			buildRules = (
			);
			dependencies = (
			);
			name = MyFavoritePlaces;
			productName = MyFavoritePlaces;
			productReference = 0462C86D229E9E6000828498 /* MyFavoritePlaces.app */;
			productType = "com.apple.product-type.application";
		};
/* End PBXNativeTarget section */

/* Begin PBXProject section */
		0462C865229E9E6000828498 /* Project object */ = {
			isa = PBXProject;
			attributes = {
				LastSwiftUpdateCheck = 1020;
				LastUpgradeCheck = 1020;
				ORGANIZATIONNAME = mac;
				TargetAttributes = {
					0462C86C229E9E6000828498 = {
						CreatedOnToolsVersion = 10.2.1;
					};
				};
			};
			buildConfigurationList = 0462C868229E9E6000828498 /* Build configuration list for PBXProject "MyFavoritePlaces" */;
			compatibilityVersion = "Xcode 9.3";
			developmentRegion = en;
			hasScannedForEncodings = 0;
			knownRegions = (
				en,
				Base,
			);
			mainGroup = 0462C864229E9E6000828498;
			productRefGroup = 0462C86E229E9E6000828498 /* Products */;
			projectDirPath = "";
			projectRoot = "";
			targets = (
				0462C86C229E9E6000828498 /* MyFavoritePlaces */,
			);
		};
/* End PBXProject section */

/* Begin PBXResourcesBuildPhase section */
		0462C86B229E9E6000828498 /* Resources */ = {
			isa = PBXResourcesBuildPhase;
			buildActionMask = 2147483647;
			files = (
				04BE03E622AA375700BA77F7 /* NewPlaceRatingTableViewCell.xib in Resources */,
				0422B58922A7C67500065C0B /* NewPlaceTypeTableViewCell.xib in Resources */,
				0422B58822A7C67100065C0B /* NewPlaceLocationTableViewCell.xib in Resources */,
				04E8011622A134C90005129F /* NewPlaceNameTableViewCell.xib in Resources */,
				045028E222A1330B00B08F3C /* NewPlaceImageTableViewCell.xib in Resources */,
				0462C87B229E9E6100828498 /* LaunchScreen.storyboard in Resources */,
				0462C878229E9E6100828498 /* Assets.xcassets in Resources */,
			);
			runOnlyForDeploymentPostprocessing = 0;
		};
/* End PBXResourcesBuildPhase section */

/* Begin PBXShellScriptBuildPhase section */
		4B3D2CB15E14C101D3A5BF6D /* [CP] Check Pods Manifest.lock */ = {
			isa = PBXShellScriptBuildPhase;
			buildActionMask = 2147483647;
			files = (
			);
			inputFileListPaths = (
			);
			inputPaths = (
				"${PODS_PODFILE_DIR_PATH}/Podfile.lock",
				"${PODS_ROOT}/Manifest.lock",
			);
			name = "[CP] Check Pods Manifest.lock";
			outputFileListPaths = (
			);
			outputPaths = (
				"$(DERIVED_FILE_DIR)/Pods-MyFavoritePlaces-checkManifestLockResult.txt",
			);
			runOnlyForDeploymentPostprocessing = 0;
			shellPath = /bin/sh;
			shellScript = "diff \"${PODS_PODFILE_DIR_PATH}/Podfile.lock\" \"${PODS_ROOT}/Manifest.lock\" > /dev/null\nif [ $? != 0 ] ; then\n    # print error to STDERR\n    echo \"error: The sandbox is not in sync with the Podfile.lock. Run 'pod install' or update your CocoaPods installation.\" >&2\n    exit 1\nfi\n# This output is used by Xcode 'outputs' to avoid re-running this script phase.\necho \"SUCCESS\" > \"${SCRIPT_OUTPUT_FILE_0}\"\n";
			showEnvVarsInLog = 0;
		};
		E4A4B3B7FBBF811FD1A7BA35 /* [CP] Embed Pods Frameworks */ = {
			isa = PBXShellScriptBuildPhase;
			buildActionMask = 2147483647;
			files = (
			);
			inputFileListPaths = (
			);
			inputPaths = (
				"${SRCROOT}/Pods/Target Support Files/Pods-MyFavoritePlaces/Pods-MyFavoritePlaces-frameworks.sh",
				"${BUILT_PRODUCTS_DIR}/Cosmos/Cosmos.framework",
				"${BUILT_PRODUCTS_DIR}/Realm/Realm.framework",
				"${BUILT_PRODUCTS_DIR}/RealmSwift/RealmSwift.framework",
			);
			name = "[CP] Embed Pods Frameworks";
			outputFileListPaths = (
			);
			outputPaths = (
				"${TARGET_BUILD_DIR}/${FRAMEWORKS_FOLDER_PATH}/Cosmos.framework",
				"${TARGET_BUILD_DIR}/${FRAMEWORKS_FOLDER_PATH}/Realm.framework",
				"${TARGET_BUILD_DIR}/${FRAMEWORKS_FOLDER_PATH}/RealmSwift.framework",
			);
			runOnlyForDeploymentPostprocessing = 0;
			shellPath = /bin/sh;
			shellScript = "\"${SRCROOT}/Pods/Target Support Files/Pods-MyFavoritePlaces/Pods-MyFavoritePlaces-frameworks.sh\"\n";
			showEnvVarsInLog = 0;
		};
/* End PBXShellScriptBuildPhase section */

/* Begin PBXSourcesBuildPhase section */
		0462C869229E9E6000828498 /* Sources */ = {
			isa = PBXSourcesBuildPhase;
			buildActionMask = 2147483647;
			files = (
				0462C88F229EBB8000828498 /* UIImageView+Extension.swift in Sources */,
				04E8011822A14E0B0005129F /* NewPlaceTableViewController+ImagePicker.swift in Sources */,
				0462C887229EB71000828498 /* UIView+Extension.swift in Sources */,
				04BE03E222AA333C00BA77F7 /* RatingControl.swift in Sources */,
				04BE03E522AA33CB00BA77F7 /* NewPlaceRatingTableViewCell.swift in Sources */,
				0462C883229EA12900828498 /* MainViewController.swift in Sources */,
				0462C871229E9E6000828498 /* AppDelegate.swift in Sources */,
				045028E122A1330B00B08F3C /* NewPlaceImageTableViewCell.swift in Sources */,
				0462C88D229EBB2E00828498 /* FavoritePlaceTableViewCell.swift in Sources */,
				04E8011A22A16B250005129F /* PlaceCellHeaderData.swift in Sources */,
				045028DA22A018D600B08F3C /* NewPlaceViewController+textFieldShouldReturn.swift in Sources */,
				0422B58222A7C24100065C0B /* NewPlaceLocationTableViewCell.swift in Sources */,
				04E8011522A134C90005129F /* NewPlaceInfoTableViewCell.swift in Sources */,
				04F1FEF022A97ED900B35027 /* MainViewController+UISearchResultUpdating.swift in Sources */,
				0462C88A229EB92C00828498 /* FavoritePlace.swift in Sources */,
				045028BC229FB11500B08F3C /* NewPlaceTableViewController.swift in Sources */,
				0422B58622A7C2BD00065C0B /* NewPlaceTypeTableViewCell.swift in Sources */,
				04BE03EA22AA979300BA77F7 /* RatingProtocol.swift in Sources */,
				04F882BE22A50C9800D3BCCD /* StorageManager.swift in Sources */,
			);
			runOnlyForDeploymentPostprocessing = 0;
		};
/* End PBXSourcesBuildPhase section */

/* Begin PBXVariantGroup section */
		0462C879229E9E6100828498 /* LaunchScreen.storyboard */ = {
			isa = PBXVariantGroup;
			children = (
				0462C87A229E9E6100828498 /* Base */,
			);
			name = LaunchScreen.storyboard;
			sourceTree = "<group>";
		};
/* End PBXVariantGroup section */

/* Begin XCBuildConfiguration section */
		0462C87D229E9E6100828498 /* Debug */ = {
			isa = XCBuildConfiguration;
			buildSettings = {
				ALWAYS_SEARCH_USER_PATHS = NO;
				CLANG_ANALYZER_NONNULL = YES;
				CLANG_ANALYZER_NUMBER_OBJECT_CONVERSION = YES_AGGRESSIVE;
				CLANG_CXX_LANGUAGE_STANDARD = "gnu++14";
				CLANG_CXX_LIBRARY = "libc++";
				CLANG_ENABLE_MODULES = YES;
				CLANG_ENABLE_OBJC_ARC = YES;
				CLANG_ENABLE_OBJC_WEAK = YES;
				CLANG_WARN_BLOCK_CAPTURE_AUTORELEASING = YES;
				CLANG_WARN_BOOL_CONVERSION = YES;
				CLANG_WARN_COMMA = YES;
				CLANG_WARN_CONSTANT_CONVERSION = YES;
				CLANG_WARN_DEPRECATED_OBJC_IMPLEMENTATIONS = YES;
				CLANG_WARN_DIRECT_OBJC_ISA_USAGE = YES_ERROR;
				CLANG_WARN_DOCUMENTATION_COMMENTS = YES;
				CLANG_WARN_EMPTY_BODY = YES;
				CLANG_WARN_ENUM_CONVERSION = YES;
				CLANG_WARN_INFINITE_RECURSION = YES;
				CLANG_WARN_INT_CONVERSION = YES;
				CLANG_WARN_NON_LITERAL_NULL_CONVERSION = YES;
				CLANG_WARN_OBJC_IMPLICIT_RETAIN_SELF = YES;
				CLANG_WARN_OBJC_LITERAL_CONVERSION = YES;
				CLANG_WARN_OBJC_ROOT_CLASS = YES_ERROR;
				CLANG_WARN_RANGE_LOOP_ANALYSIS = YES;
				CLANG_WARN_STRICT_PROTOTYPES = YES;
				CLANG_WARN_SUSPICIOUS_MOVE = YES;
				CLANG_WARN_UNGUARDED_AVAILABILITY = YES_AGGRESSIVE;
				CLANG_WARN_UNREACHABLE_CODE = YES;
				CLANG_WARN__DUPLICATE_METHOD_MATCH = YES;
				CODE_SIGN_IDENTITY = "iPhone Developer";
				COPY_PHASE_STRIP = NO;
				DEBUG_INFORMATION_FORMAT = dwarf;
				ENABLE_STRICT_OBJC_MSGSEND = YES;
				ENABLE_TESTABILITY = YES;
				GCC_C_LANGUAGE_STANDARD = gnu11;
				GCC_DYNAMIC_NO_PIC = NO;
				GCC_NO_COMMON_BLOCKS = YES;
				GCC_OPTIMIZATION_LEVEL = 0;
				GCC_PREPROCESSOR_DEFINITIONS = (
					"DEBUG=1",
					"$(inherited)",
				);
				GCC_WARN_64_TO_32_BIT_CONVERSION = YES;
				GCC_WARN_ABOUT_RETURN_TYPE = YES_ERROR;
				GCC_WARN_UNDECLARED_SELECTOR = YES;
				GCC_WARN_UNINITIALIZED_AUTOS = YES_AGGRESSIVE;
				GCC_WARN_UNUSED_FUNCTION = YES;
				GCC_WARN_UNUSED_VARIABLE = YES;
				IPHONEOS_DEPLOYMENT_TARGET = 12.2;
				MTL_ENABLE_DEBUG_INFO = INCLUDE_SOURCE;
				MTL_FAST_MATH = YES;
				ONLY_ACTIVE_ARCH = YES;
				SDKROOT = iphoneos;
				SWIFT_ACTIVE_COMPILATION_CONDITIONS = DEBUG;
				SWIFT_OPTIMIZATION_LEVEL = "-Onone";
			};
			name = Debug;
		};
		0462C87E229E9E6100828498 /* Release */ = {
			isa = XCBuildConfiguration;
			buildSettings = {
				ALWAYS_SEARCH_USER_PATHS = NO;
				CLANG_ANALYZER_NONNULL = YES;
				CLANG_ANALYZER_NUMBER_OBJECT_CONVERSION = YES_AGGRESSIVE;
				CLANG_CXX_LANGUAGE_STANDARD = "gnu++14";
				CLANG_CXX_LIBRARY = "libc++";
				CLANG_ENABLE_MODULES = YES;
				CLANG_ENABLE_OBJC_ARC = YES;
				CLANG_ENABLE_OBJC_WEAK = YES;
				CLANG_WARN_BLOCK_CAPTURE_AUTORELEASING = YES;
				CLANG_WARN_BOOL_CONVERSION = YES;
				CLANG_WARN_COMMA = YES;
				CLANG_WARN_CONSTANT_CONVERSION = YES;
				CLANG_WARN_DEPRECATED_OBJC_IMPLEMENTATIONS = YES;
				CLANG_WARN_DIRECT_OBJC_ISA_USAGE = YES_ERROR;
				CLANG_WARN_DOCUMENTATION_COMMENTS = YES;
				CLANG_WARN_EMPTY_BODY = YES;
				CLANG_WARN_ENUM_CONVERSION = YES;
				CLANG_WARN_INFINITE_RECURSION = YES;
				CLANG_WARN_INT_CONVERSION = YES;
				CLANG_WARN_NON_LITERAL_NULL_CONVERSION = YES;
				CLANG_WARN_OBJC_IMPLICIT_RETAIN_SELF = YES;
				CLANG_WARN_OBJC_LITERAL_CONVERSION = YES;
				CLANG_WARN_OBJC_ROOT_CLASS = YES_ERROR;
				CLANG_WARN_RANGE_LOOP_ANALYSIS = YES;
				CLANG_WARN_STRICT_PROTOTYPES = YES;
				CLANG_WARN_SUSPICIOUS_MOVE = YES;
				CLANG_WARN_UNGUARDED_AVAILABILITY = YES_AGGRESSIVE;
				CLANG_WARN_UNREACHABLE_CODE = YES;
				CLANG_WARN__DUPLICATE_METHOD_MATCH = YES;
				CODE_SIGN_IDENTITY = "iPhone Developer";
				COPY_PHASE_STRIP = NO;
				DEBUG_INFORMATION_FORMAT = "dwarf-with-dsym";
				ENABLE_NS_ASSERTIONS = NO;
				ENABLE_STRICT_OBJC_MSGSEND = YES;
				GCC_C_LANGUAGE_STANDARD = gnu11;
				GCC_NO_COMMON_BLOCKS = YES;
				GCC_WARN_64_TO_32_BIT_CONVERSION = YES;
				GCC_WARN_ABOUT_RETURN_TYPE = YES_ERROR;
				GCC_WARN_UNDECLARED_SELECTOR = YES;
				GCC_WARN_UNINITIALIZED_AUTOS = YES_AGGRESSIVE;
				GCC_WARN_UNUSED_FUNCTION = YES;
				GCC_WARN_UNUSED_VARIABLE = YES;
				IPHONEOS_DEPLOYMENT_TARGET = 12.2;
				MTL_ENABLE_DEBUG_INFO = NO;
				MTL_FAST_MATH = YES;
				SDKROOT = iphoneos;
				SWIFT_COMPILATION_MODE = wholemodule;
				SWIFT_OPTIMIZATION_LEVEL = "-O";
				VALIDATE_PRODUCT = YES;
			};
			name = Release;
		};
		0462C880229E9E6100828498 /* Debug */ = {
			isa = XCBuildConfiguration;
			baseConfigurationReference = BE23461998220E9FA6B1DF9B /* Pods-MyFavoritePlaces.debug.xcconfig */;
			buildSettings = {
				ASSETCATALOG_COMPILER_APPICON_NAME = AppIcon;
				CODE_SIGN_STYLE = Automatic;
				DEVELOPMENT_TEAM = 3QA4U3887B;
				INFOPLIST_FILE = "$(SRCROOT)/MyFavoritePlaces/SupportingFiles/Info.plist";
				LD_RUNPATH_SEARCH_PATHS = (
					"$(inherited)",
					"@executable_path/Frameworks",
				);
				PRODUCT_BUNDLE_IDENTIFIER = lordkosstestios.lordkoss.MyFavoritePlaces;
				PRODUCT_NAME = "$(TARGET_NAME)";
				SWIFT_VERSION = 5.0;
				TARGETED_DEVICE_FAMILY = "1,2";
			};
			name = Debug;
		};
		0462C881229E9E6100828498 /* Release */ = {
			isa = XCBuildConfiguration;
			baseConfigurationReference = 773532B527938FD60A5BADC6 /* Pods-MyFavoritePlaces.release.xcconfig */;
			buildSettings = {
				ASSETCATALOG_COMPILER_APPICON_NAME = AppIcon;
				CODE_SIGN_STYLE = Automatic;
				DEVELOPMENT_TEAM = 3QA4U3887B;
				INFOPLIST_FILE = "$(SRCROOT)/MyFavoritePlaces/SupportingFiles/Info.plist";
				LD_RUNPATH_SEARCH_PATHS = (
					"$(inherited)",
					"@executable_path/Frameworks",
				);
				PRODUCT_BUNDLE_IDENTIFIER = lordkosstestios.lordkoss.MyFavoritePlaces;
				PRODUCT_NAME = "$(TARGET_NAME)";
				SWIFT_VERSION = 5.0;
				TARGETED_DEVICE_FAMILY = "1,2";
			};
			name = Release;
		};
/* End XCBuildConfiguration section */

/* Begin XCConfigurationList section */
		0462C868229E9E6000828498 /* Build configuration list for PBXProject "MyFavoritePlaces" */ = {
			isa = XCConfigurationList;
			buildConfigurations = (
				0462C87D229E9E6100828498 /* Debug */,
				0462C87E229E9E6100828498 /* Release */,
			);
			defaultConfigurationIsVisible = 0;
			defaultConfigurationName = Release;
		};
		0462C87F229E9E6100828498 /* Build configuration list for PBXNativeTarget "MyFavoritePlaces" */ = {
			isa = XCConfigurationList;
			buildConfigurations = (
				0462C880229E9E6100828498 /* Debug */,
				0462C881229E9E6100828498 /* Release */,
			);
			defaultConfigurationIsVisible = 0;
			defaultConfigurationName = Release;
		};
/* End XCConfigurationList section */
	};
	rootObject = 0462C865229E9E6000828498 /* Project object */;
}
